// !$*UTF8*$!
{
	archiveVersion = 1;
	classes = {
	};
	objectVersion = 46;
	objects = {

/* Begin PBXBuildFile section */
		A48619174BACFE7423AE14EB /* libPods-LYZKeychain.a in Frameworks */ = {isa = PBXBuildFile; fileRef = 4204218A3A0C2A93D7ED1361 /* libPods-LYZKeychain.a */; };
		D690A98E1DD1738C009CC215 /* main.m in Sources */ = {isa = PBXBuildFile; fileRef = D690A98D1DD1738C009CC215 /* main.m */; };
		D690A9911DD1738C009CC215 /* AppDelegate.m in Sources */ = {isa = PBXBuildFile; fileRef = D690A9901DD1738C009CC215 /* AppDelegate.m */; };
		D690A9941DD1738C009CC215 /* ViewController.m in Sources */ = {isa = PBXBuildFile; fileRef = D690A9931DD1738C009CC215 /* ViewController.m */; };
		D690A9971DD1738C009CC215 /* Main.storyboard in Resources */ = {isa = PBXBuildFile; fileRef = D690A9951DD1738C009CC215 /* Main.storyboard */; };
		D690A9991DD1738C009CC215 /* Assets.xcassets in Resources */ = {isa = PBXBuildFile; fileRef = D690A9981DD1738C009CC215 /* Assets.xcassets */; };
		D690A99C1DD1738C009CC215 /* LaunchScreen.storyboard in Resources */ = {isa = PBXBuildFile; fileRef = D690A99A1DD1738C009CC215 /* LaunchScreen.storyboard */; };
		D690A9A51DD173BB009CC215 /* Security.framework in Frameworks */ = {isa = PBXBuildFile; fileRef = D690A9A41DD173BB009CC215 /* Security.framework */; };
		D690A9A81DD174EB009CC215 /* LYZKeychainManager.m in Sources */ = {isa = PBXBuildFile; fileRef = D690A9A71DD174EB009CC215 /* LYZKeychainManager.m */; };
/* End PBXBuildFile section */

/* Begin PBXFileReference section */
		298E745CC633230AD9598AF7 /* Pods-LYZKeychain.release.xcconfig */ = {isa = PBXFileReference; includeInIndex = 1; lastKnownFileType = text.xcconfig; name = "Pods-LYZKeychain.release.xcconfig"; path = "Pods/Target Support Files/Pods-LYZKeychain/Pods-LYZKeychain.release.xcconfig"; sourceTree = "<group>"; };
		4204218A3A0C2A93D7ED1361 /* libPods-LYZKeychain.a */ = {isa = PBXFileReference; explicitFileType = archive.ar; includeInIndex = 0; path = "libPods-LYZKeychain.a"; sourceTree = BUILT_PRODUCTS_DIR; };
		79F7C4888CACF287045542DD /* Pods-LYZKeychain.debug.xcconfig */ = {isa = PBXFileReference; includeInIndex = 1; lastKnownFileType = text.xcconfig; name = "Pods-LYZKeychain.debug.xcconfig"; path = "Pods/Target Support Files/Pods-LYZKeychain/Pods-LYZKeychain.debug.xcconfig"; sourceTree = "<group>"; };
		D690A9891DD1738C009CC215 /* LYZKeychain.app */ = {isa = PBXFileReference; explicitFileType = wrapper.application; includeInIndex = 0; path = LYZKeychain.app; sourceTree = BUILT_PRODUCTS_DIR; };
		D690A98D1DD1738C009CC215 /* main.m */ = {isa = PBXFileReference; lastKnownFileType = sourcecode.c.objc; path = main.m; sourceTree = "<group>"; };
		D690A98F1DD1738C009CC215 /* AppDelegate.h */ = {isa = PBXFileReference; lastKnownFileType = sourcecode.c.h; path = AppDelegate.h; sourceTree = "<group>"; };
		D690A9901DD1738C009CC215 /* AppDelegate.m */ = {isa = PBXFileReference; lastKnownFileType = sourcecode.c.objc; path = AppDelegate.m; sourceTree = "<group>"; };
		D690A9921DD1738C009CC215 /* ViewController.h */ = {isa = PBXFileReference; lastKnownFileType = sourcecode.c.h; path = ViewController.h; sourceTree = "<group>"; };
		D690A9931DD1738C009CC215 /* ViewController.m */ = {isa = PBXFileReference; lastKnownFileType = sourcecode.c.objc; path = ViewController.m; sourceTree = "<group>"; };
		D690A9961DD1738C009CC215 /* Base */ = {isa = PBXFileReference; lastKnownFileType = file.storyboard; name = Base; path = Base.lproj/Main.storyboard; sourceTree = "<group>"; };
		D690A9981DD1738C009CC215 /* Assets.xcassets */ = {isa = PBXFileReference; lastKnownFileType = folder.assetcatalog; path = Assets.xcassets; sourceTree = "<group>"; };
		D690A99B1DD1738C009CC215 /* Base */ = {isa = PBXFileReference; lastKnownFileType = file.storyboard; name = Base; path = Base.lproj/LaunchScreen.storyboard; sourceTree = "<group>"; };
		D690A99D1DD1738C009CC215 /* Info.plist */ = {isa = PBXFileReference; lastKnownFileType = text.plist.xml; path = Info.plist; sourceTree = "<group>"; };
		D690A9A41DD173BB009CC215 /* Security.framework */ = {isa = PBXFileReference; lastKnownFileType = wrapper.framework; name = Security.framework; path = System/Library/Frameworks/Security.framework; sourceTree = SDKROOT; };
		D690A9A61DD174EB009CC215 /* LYZKeychainManager.h */ = {isa = PBXFileReference; fileEncoding = 4; lastKnownFileType = sourcecode.c.h; path = LYZKeychainManager.h; sourceTree = "<group>"; };
		D690A9A71DD174EB009CC215 /* LYZKeychainManager.m */ = {isa = PBXFileReference; fileEncoding = 4; lastKnownFileType = sourcecode.c.objc; path = LYZKeychainManager.m; sourceTree = "<group>"; };
		D690A9A91DD184A8009CC215 /* LYZKeychain.entitlements */ = {isa = PBXFileReference; lastKnownFileType = text.plist.entitlements; path = LYZKeychain.entitlements; sourceTree = "<group>"; };
/* End PBXFileReference section */

/* Begin PBXFrameworksBuildPhase section */
		D690A9861DD1738C009CC215 /* Frameworks */ = {
			isa = PBXFrameworksBuildPhase;
			buildActionMask = 2147483647;
			files = (
				D690A9A51DD173BB009CC215 /* Security.framework in Frameworks */,
				A48619174BACFE7423AE14EB /* libPods-LYZKeychain.a in Frameworks */,
			);
			runOnlyForDeploymentPostprocessing = 0;
		};
/* End PBXFrameworksBuildPhase section */

/* Begin PBXGroup section */
		391531FCA2B40A7783C4CC66 /* Pods */ = {
			isa = PBXGroup;
			children = (
				79F7C4888CACF287045542DD /* Pods-LYZKeychain.debug.xcconfig */,
				298E745CC633230AD9598AF7 /* Pods-LYZKeychain.release.xcconfig */,
			);
			name = Pods;
			sourceTree = "<group>";
		};
		D690A9801DD1738C009CC215 = {
			isa = PBXGroup;
			children = (
				D690A98B1DD1738C009CC215 /* LYZKeychain */,
				D690A98A1DD1738C009CC215 /* Products */,
				D690A9A31DD173BA009CC215 /* Frameworks */,
				391531FCA2B40A7783C4CC66 /* Pods */,
			);
			sourceTree = "<group>";
		};
		D690A98A1DD1738C009CC215 /* Products */ = {
			isa = PBXGroup;
			children = (
				D690A9891DD1738C009CC215 /* LYZKeychain.app */,
			);
			name = Products;
			sourceTree = "<group>";
		};
		D690A98B1DD1738C009CC215 /* LYZKeychain */ = {
			isa = PBXGroup;
			children = (
				D690A9A91DD184A8009CC215 /* LYZKeychain.entitlements */,
				D690A98F1DD1738C009CC215 /* AppDelegate.h */,
				D690A9901DD1738C009CC215 /* AppDelegate.m */,
				D690A9921DD1738C009CC215 /* ViewController.h */,
				D690A9931DD1738C009CC215 /* ViewController.m */,
				D690A9A61DD174EB009CC215 /* LYZKeychainManager.h */,
				D690A9A71DD174EB009CC215 /* LYZKeychainManager.m */,
				D690A9951DD1738C009CC215 /* Main.storyboard */,
				D690A9981DD1738C009CC215 /* Assets.xcassets */,
				D690A99A1DD1738C009CC215 /* LaunchScreen.storyboard */,
				D690A99D1DD1738C009CC215 /* Info.plist */,
				D690A98C1DD1738C009CC215 /* Supporting Files */,
			);
			path = LYZKeychain;
			sourceTree = "<group>";
		};
		D690A98C1DD1738C009CC215 /* Supporting Files */ = {
			isa = PBXGroup;
			children = (
				D690A98D1DD1738C009CC215 /* main.m */,
			);
			name = "Supporting Files";
			sourceTree = "<group>";
		};
		D690A9A31DD173BA009CC215 /* Frameworks */ = {
			isa = PBXGroup;
			children = (
				D690A9A41DD173BB009CC215 /* Security.framework */,
				4204218A3A0C2A93D7ED1361 /* libPods-LYZKeychain.a */,
			);
			name = Frameworks;
			sourceTree = "<group>";
		};
/* End PBXGroup section */

/* Begin PBXNativeTarget section */
		D690A9881DD1738C009CC215 /* LYZKeychain */ = {
			isa = PBXNativeTarget;
			buildConfigurationList = D690A9A01DD1738C009CC215 /* Build configuration list for PBXNativeTarget "LYZKeychain" */;
			buildPhases = (
				83D8D339DC78526EB218AF06 /* [CP] Check Pods Manifest.lock */,
				D690A9851DD1738C009CC215 /* Sources */,
				D690A9861DD1738C009CC215 /* Frameworks */,
				D690A9871DD1738C009CC215 /* Resources */,
				BD5770B5EC04E7F50AFF6574 /* [CP] Embed Pods Frameworks */,
				4E3F6D93862753A23EB0BA5D /* [CP] Copy Pods Resources */,
			);
			buildRules = (
			);
			dependencies = (
			);
			name = LYZKeychain;
			productName = LYZKeychain;
			productReference = D690A9891DD1738C009CC215 /* LYZKeychain.app */;
			productType = "com.apple.product-type.application";
		};
/* End PBXNativeTarget section */

/* Begin PBXProject section */
		D690A9811DD1738C009CC215 /* Project object */ = {
			isa = PBXProject;
			attributes = {
				LastUpgradeCheck = 0800;
				ORGANIZATIONNAME = liyazhou;
				TargetAttributes = {
					D690A9881DD1738C009CC215 = {
						CreatedOnToolsVersion = 8.0;
						DevelopmentTeam = 2K83MC6PMU;
						ProvisioningStyle = Automatic;
						SystemCapabilities = {
							com.apple.Keychain = {
								enabled = 1;
							};
						};
					};
				};
			};
			buildConfigurationList = D690A9841DD1738C009CC215 /* Build configuration list for PBXProject "LYZKeychain" */;
			compatibilityVersion = "Xcode 3.2";
			developmentRegion = English;
			hasScannedForEncodings = 0;
			knownRegions = (
				en,
				Base,
			);
			mainGroup = D690A9801DD1738C009CC215;
			productRefGroup = D690A98A1DD1738C009CC215 /* Products */;
			projectDirPath = "";
			projectRoot = "";
			targets = (
				D690A9881DD1738C009CC215 /* LYZKeychain */,
			);
		};
/* End PBXProject section */

/* Begin PBXResourcesBuildPhase section */
		D690A9871DD1738C009CC215 /* Resources */ = {
			isa = PBXResourcesBuildPhase;
			buildActionMask = 2147483647;
			files = (
				D690A99C1DD1738C009CC215 /* LaunchScreen.storyboard in Resources */,
				D690A9991DD1738C009CC215 /* Assets.xcassets in Resources */,
				D690A9971DD1738C009CC215 /* Main.storyboard in Resources */,
			);
			runOnlyForDeploymentPostprocessing = 0;
		};
/* End PBXResourcesBuildPhase section */

/* Begin PBXShellScriptBuildPhase section */
		4E3F6D93862753A23EB0BA5D /* [CP] Copy Pods Resources */ = {
			isa = PBXShellScriptBuildPhase;
			buildActionMask = 2147483647;
			files = (
			);
			inputPaths = (
			);
			name = "[CP] Copy Pods Resources";
			outputPaths = (
			);
			runOnlyForDeploymentPostprocessing = 0;
			shellPath = /bin/sh;
			shellScript = "\"${SRCROOT}/Pods/Target Support Files/Pods-LYZKeychain/Pods-LYZKeychain-resources.sh\"\n";
			showEnvVarsInLog = 0;
		};
		83D8D339DC78526EB218AF06 /* [CP] Check Pods Manifest.lock */ = {
			isa = PBXShellScriptBuildPhase;
			buildActionMask = 2147483647;
			files = (
			);
			inputPaths = (
			);
			name = "[CP] Check Pods Manifest.lock";
			outputPaths = (
			);
			runOnlyForDeploymentPostprocessing = 0;
			shellPath = /bin/sh;
			shellScript = "diff \"${PODS_ROOT}/../Podfile.lock\" \"${PODS_ROOT}/Manifest.lock\" > /dev/null\nif [[ $? != 0 ]] ; then\n    cat << EOM\nerror: The sandbox is not in sync with the Podfile.lock. Run 'pod install' or update your CocoaPods installation.\nEOM\n    exit 1\nfi\n";
			showEnvVarsInLog = 0;
		};
		BD5770B5EC04E7F50AFF6574 /* [CP] Embed Pods Frameworks */ = {
			isa = PBXShellScriptBuildPhase;
			buildActionMask = 2147483647;
			files = (
			);
			inputPaths = (
			);
			name = "[CP] Embed Pods Frameworks";
			outputPaths = (
			);
			runOnlyForDeploymentPostprocessing = 0;
			shellPath = /bin/sh;
			shellScript = "\"${SRCROOT}/Pods/Target Support Files/Pods-LYZKeychain/Pods-LYZKeychain-frameworks.sh\"\n";
			showEnvVarsInLog = 0;
		};
/* End PBXShellScriptBuildPhase section */

/* Begin PBXSourcesBuildPhase section */
		D690A9851DD1738C009CC215 /* Sources */ = {
			isa = PBXSourcesBuildPhase;
			buildActionMask = 2147483647;
			files = (
				D690A9941DD1738C009CC215 /* ViewController.m in Sources */,
				D690A9A81DD174EB009CC215 /* LYZKeychainManager.m in Sources */,
				D690A9911DD1738C009CC215 /* AppDelegate.m in Sources */,
				D690A98E1DD1738C009CC215 /* main.m in Sources */,
			);
			runOnlyForDeploymentPostprocessing = 0;
		};
/* End PBXSourcesBuildPhase section */

/* Begin PBXVariantGroup section */
		D690A9951DD1738C009CC215 /* Main.storyboard */ = {
			isa = PBXVariantGroup;
			children = (
				D690A9961DD1738C009CC215 /* Base */,
			);
			name = Main.storyboard;
			sourceTree = "<group>";
		};
		D690A99A1DD1738C009CC215 /* LaunchScreen.storyboard */ = {
			isa = PBXVariantGroup;
			children = (
				D690A99B1DD1738C009CC215 /* Base */,
			);
			name = LaunchScreen.storyboard;
			sourceTree = "<group>";
		};
/* End PBXVariantGroup section */

/* Begin XCBuildConfiguration section */
		D690A99E1DD1738C009CC215 /* Debug */ = {
			isa = XCBuildConfiguration;
			buildSettings = {
				ALWAYS_SEARCH_USER_PATHS = NO;
				CLANG_ANALYZER_NONNULL = YES;
				CLANG_CXX_LANGUAGE_STANDARD = "gnu++0x";
				CLANG_CXX_LIBRARY = "libc++";
				CLANG_ENABLE_MODULES = YES;
				CLANG_ENABLE_OBJC_ARC = YES;
				CLANG_WARN_BOOL_CONVERSION = YES;
				CLANG_WARN_CONSTANT_CONVERSION = YES;
				CLANG_WARN_DIRECT_OBJC_ISA_USAGE = YES_ERROR;
				CLANG_WARN_DOCUMENTATION_COMMENTS = YES;
				CLANG_WARN_EMPTY_BODY = YES;
				CLANG_WARN_ENUM_CONVERSION = YES;
				CLANG_WARN_INFINITE_RECURSION = YES;
				CLANG_WARN_INT_CONVERSION = YES;
				CLANG_WARN_OBJC_ROOT_CLASS = YES_ERROR;
				CLANG_WARN_SUSPICIOUS_MOVES = YES;
				CLANG_WARN_UNREACHABLE_CODE = YES;
				CLANG_WARN__DUPLICATE_METHOD_MATCH = YES;
				"CODE_SIGN_IDENTITY[sdk=iphoneos*]" = "iPhone Developer";
				COPY_PHASE_STRIP = NO;
				DEBUG_INFORMATION_FORMAT = dwarf;
				ENABLE_STRICT_OBJC_MSGSEND = YES;
				ENABLE_TESTABILITY = YES;
				GCC_C_LANGUAGE_STANDARD = gnu99;
				GCC_DYNAMIC_NO_PIC = NO;
				GCC_NO_COMMON_BLOCKS = YES;
				GCC_OPTIMIZATION_LEVEL = 0;
				GCC_PREPROCESSOR_DEFINITIONS = (
					"DEBUG=1",
					"$(inherited)",
				);
				GCC_WARN_64_TO_32_BIT_CONVERSION = YES;
				GCC_WARN_ABOUT_RETURN_TYPE = YES_ERROR;
				GCC_WARN_UNDECLARED_SELECTOR = YES;
				GCC_WARN_UNINITIALIZED_AUTOS = YES_AGGRESSIVE;
				GCC_WARN_UNUSED_FUNCTION = YES;
				GCC_WARN_UNUSED_VARIABLE = YES;
				IPHONEOS_DEPLOYMENT_TARGET = 10.0;
				MTL_ENABLE_DEBUG_INFO = YES;
				ONLY_ACTIVE_ARCH = YES;
				SDKROOT = iphoneos;
			};
			name = Debug;
		};
		D690A99F1DD1738C009CC215 /* Release */ = {
			isa = XCBuildConfiguration;
			buildSettings = {
				ALWAYS_SEARCH_USER_PATHS = NO;
				CLANG_ANALYZER_NONNULL = YES;
				CLANG_CXX_LANGUAGE_STANDARD = "gnu++0x";
				CLANG_CXX_LIBRARY = "libc++";
				CLANG_ENABLE_MODULES = YES;
				CLANG_ENABLE_OBJC_ARC = YES;
				CLANG_WARN_BOOL_CONVERSION = YES;
				CLANG_WARN_CONSTANT_CONVERSION = YES;
				CLANG_WARN_DIRECT_OBJC_ISA_USAGE = YES_ERROR;
				CLANG_WARN_DOCUMENTATION_COMMENTS = YES;
				CLANG_WARN_EMPTY_BODY = YES;
				CLANG_WARN_ENUM_CONVERSION = YES;
				CLANG_WARN_INFINITE_RECURSION = YES;
				CLANG_WARN_INT_CONVERSION = YES;
				CLANG_WARN_OBJC_ROOT_CLASS = YES_ERROR;
				CLANG_WARN_SUSPICIOUS_MOVES = YES;
				CLANG_WARN_UNREACHABLE_CODE = YES;
				CLANG_WARN__DUPLICATE_METHOD_MATCH = YES;
				"CODE_SIGN_IDENTITY[sdk=iphoneos*]" = "iPhone Developer";
				COPY_PHASE_STRIP = NO;
				DEBUG_INFORMATION_FORMAT = "dwarf-with-dsym";
				ENABLE_NS_ASSERTIONS = NO;
				ENABLE_STRICT_OBJC_MSGSEND = YES;
				GCC_C_LANGUAGE_STANDARD = gnu99;
				GCC_NO_COMMON_BLOCKS = YES;
				GCC_WARN_64_TO_32_BIT_CONVERSION = YES;
				GCC_WARN_ABOUT_RETURN_TYPE = YES_ERROR;
				GCC_WARN_UNDECLARED_SELECTOR = YES;
				GCC_WARN_UNINITIALIZED_AUTOS = YES_AGGRESSIVE;
				GCC_WARN_UNUSED_FUNCTION = YES;
				GCC_WARN_UNUSED_VARIABLE = YES;
				IPHONEOS_DEPLOYMENT_TARGET = 10.0;
				MTL_ENABLE_DEBUG_INFO = NO;
				SDKROOT = iphoneos;
				VALIDATE_PRODUCT = YES;
			};
			name = Release;
		};
		D690A9A11DD1738C009CC215 /* Debug */ = {
			isa = XCBuildConfiguration;
			baseConfigurationReference = 79F7C4888CACF287045542DD /* Pods-LYZKeychain.debug.xcconfig */;
			buildSettings = {
				ASSETCATALOG_COMPILER_APPICON_NAME = AppIcon;
				CODE_SIGN_ENTITLEMENTS = LYZKeychain/LYZKeychain.entitlements;
				DEVELOPMENT_TEAM = 2K83MC6PMU;
				INFOPLIST_FILE = LYZKeychain/Info.plist;
				LD_RUNPATH_SEARCH_PATHS = "$(inherited) @executable_path/Frameworks";
				PRODUCT_BUNDLE_IDENTIFIER = cn.com.modernmedia.LYZKeychain;
				PRODUCT_NAME = "$(TARGET_NAME)";
			};
			name = Debug;
		};
		D690A9A21DD1738C009CC215 /* Release */ = {
			isa = XCBuildConfiguration;
			baseConfigurationReference = 298E745CC633230AD9598AF7 /* Pods-LYZKeychain.release.xcconfig */;
			buildSettings = {
				ASSETCATALOG_COMPILER_APPICON_NAME = AppIcon;
				CODE_SIGN_ENTITLEMENTS = LYZKeychain/LYZKeychain.entitlements;
				DEVELOPMENT_TEAM = 2K83MC6PMU;
				INFOPLIST_FILE = LYZKeychain/Info.plist;
				LD_RUNPATH_SEARCH_PATHS = "$(inherited) @executable_path/Frameworks";
				PRODUCT_BUNDLE_IDENTIFIER = cn.com.modernmedia.LYZKeychain;
				PRODUCT_NAME = "$(TARGET_NAME)";
			};
			name = Release;
		};
/* End XCBuildConfiguration section */

/* Begin XCConfigurationList section */
		D690A9841DD1738C009CC215 /* Build configuration list for PBXProject "LYZKeychain" */ = {
			isa = XCConfigurationList;
			buildConfigurations = (
				D690A99E1DD1738C009CC215 /* Debug */,
				D690A99F1DD1738C009CC215 /* Release */,
			);
			defaultConfigurationIsVisible = 0;
			defaultConfigurationName = Release;
		};
		D690A9A01DD1738C009CC215 /* Build configuration list for PBXNativeTarget "LYZKeychain" */ = {
			isa = XCConfigurationList;
			buildConfigurations = (
				D690A9A11DD1738C009CC215 /* Debug */,
				D690A9A21DD1738C009CC215 /* Release */,
			);
			defaultConfigurationIsVisible = 0;
			defaultConfigurationName = Release;
		};
/* End XCConfigurationList section */
	};
	rootObject = D690A9811DD1738C009CC215 /* Project object */;
}
